<?xml version="1.0" encoding="utf-8"?>
<Project ToolsVersion="4.0" xmlns="http://schemas.microsoft.com/developer/msbuild/2003">
  <ItemGroup>
    <Filter Include="source">
      <UniqueIdentifier>{4FC737F1-C7A5-4376-A066-2A32D752A2FF}</UniqueIdentifier>
      <Extensions>cpp;c;cc;cxx;def;odl;idl;hpj;bat;asm;asmx</Extensions>
    </Filter>
    <Filter Include="shaders">
      <UniqueIdentifier>{67DA6AB6-F800-4c08-8B7A-83BB121AAD01}</UniqueIdentifier>
      <Extensions>rc;ico;cur;bmp;dlg;rc2;rct;bin;rgs;gif;jpg;jpeg;jpe;resx;tiff;tif;png;wav;mfcribbon-ms</Extensions>
    </Filter>
    <Filter Include="include">
      <UniqueIdentifier>{93995380-89BD-4b04-88EB-625FBE52EBFB}</UniqueIdentifier>
      <Extensions>h;hh;hpp;hxx;hm;inl;inc;ipp;xsd</Extensions>
    </Filter>
    <Filter Include="include\basic_shape">
      <UniqueIdentifier>{659d31e4-2115-4441-b17b-dfbad87405f5}</UniqueIdentifier>
    </Filter>
    <Filter Include="shaders\postProcess">
      <UniqueIdentifier>{914e0217-0aae-4dd1-9a99-7014b486f6db}</UniqueIdentifier>
    </Filter>
    <Filter Include="shaders\skyboxShader">
      <UniqueIdentifier>{e34a8013-befa-43d3-bbe4-6cac83b0a709}</UniqueIdentifier>
    </Filter>
    <Filter Include="include\shadow_map">
      <UniqueIdentifier>{1f78d84d-b85a-486b-bae6-befdbe528353}</UniqueIdentifier>
    </Filter>
    <Filter Include="shaders\shadowMap">
      <UniqueIdentifier>{d9ddcdcf-e74a-4a6c-95b6-f2c74003e903}</UniqueIdentifier>
    </Filter>
    <Filter Include="include\collision_detect">
      <UniqueIdentifier>{614bbb0a-162e-4d16-9082-ecfa940ed68e}</UniqueIdentifier>
    </Filter>
    <Filter Include="shaders\debugShader">
      <UniqueIdentifier>{f8b7bcb4-b8b5-4712-a8f2-8ab94083620a}</UniqueIdentifier>
    </Filter>
    <Filter Include="include\haptic_support">
      <UniqueIdentifier>{8feafa29-7fb1-4aba-924e-cf4e2269e643}</UniqueIdentifier>
    </Filter>
    <Filter Include="include\parallax_map">
      <UniqueIdentifier>{f6478fa6-171c-4465-a6fe-eb0564857846}</UniqueIdentifier>
    </Filter>
    <Filter Include="include\SSAO">
      <UniqueIdentifier>{953e78a1-14f9-43df-92c6-8eb292633670}</UniqueIdentifier>
    </Filter>
    <Filter Include="include\particle_system">
      <UniqueIdentifier>{b902fed6-4b21-4ad6-bf4d-bddf1eafbac0}</UniqueIdentifier>
    </Filter>
    <Filter Include="shaders\deferredRendering">
      <UniqueIdentifier>{7f40032b-b440-4225-b171-97e2c00bdaf4}</UniqueIdentifier>
    </Filter>
    <Filter Include="shaders\furryShader">
      <UniqueIdentifier>{dd31c651-d9d5-4bf3-a3ed-f79f73c9986c}</UniqueIdentifier>
    </Filter>
    <Filter Include="shaders\instanceShader">
      <UniqueIdentifier>{4dc40ab0-adac-44d7-8b9e-b6ffe2f6d41f}</UniqueIdentifier>
    </Filter>
    <Filter Include="shaders\particleShader">
      <UniqueIdentifier>{ff21b013-711c-4ac0-9631-7c4848ec3f01}</UniqueIdentifier>
    </Filter>
    <Filter Include="include\mass_spring">
      <UniqueIdentifier>{0da6eeb8-8115-49b6-9f92-33a0e3d959a0}</UniqueIdentifier>
    </Filter>
    <Filter Include="shaders\deformShader">
      <UniqueIdentifier>{9b77be71-f25b-44f7-98ac-3c5f95fc360b}</UniqueIdentifier>
    </Filter>
  </ItemGroup>
  <ItemGroup>
    <ClCompile Include="src\main.cpp">
      <Filter>source</Filter>
    </ClCompile>
    <ClCompile Include="src\glad.c">
      <Filter>source</Filter>
    </ClCompile>
    <ClCompile Include="src\haptic_support\CzMatrix.cpp">
      <Filter>include\haptic_support</Filter>
    </ClCompile>
    <ClCompile Include="src\haptic_support\GlobalMethod.cpp">
      <Filter>include\haptic_support</Filter>
    </ClCompile>
    <ClCompile Include="src\haptic_support\Array.cc">
      <Filter>include\haptic_support</Filter>
    </ClCompile>
    <ClCompile Include="src\haptic_support\QuadProg++.cc">
      <Filter>include\haptic_support</Filter>
    </ClCompile>
    <ClCompile Include="src\particleRendering.cpp">
      <Filter>source</Filter>
    </ClCompile>
  </ItemGroup>
  <ItemGroup>
    <ClInclude Include="src\stdafx.h">
      <Filter>include</Filter>
    </ClInclude>
    <ClInclude Include="src\shader.h">
      <Filter>include</Filter>
    </ClInclude>
    <ClInclude Include="src\window.h">
      <Filter>include</Filter>
    </ClInclude>
    <ClInclude Include="src\texture.h">
      <Filter>include</Filter>
    </ClInclude>
    <ClInclude Include="src\camera.h">
      <Filter>include</Filter>
    </ClInclude>
    <ClInclude Include="src\model.h">
      <Filter>include</Filter>
    </ClInclude>
    <ClInclude Include="src\light.h">
      <Filter>include</Filter>
    </ClInclude>
    <ClInclude Include="src\mesh.h">
      <Filter>include</Filter>
    </ClInclude>
    <ClInclude Include="src\frame.h">
      <Filter>include</Filter>
    </ClInclude>
    <ClInclude Include="src\basic_shape\plane.h">
      <Filter>include\basic_shape</Filter>
    </ClInclude>
    <ClInclude Include="src\shadowMap.h">
      <Filter>include\shadow_map</Filter>
    </ClInclude>
    <ClInclude Include="src\collision_detect\AABBBox.h">
      <Filter>include\collision_detect</Filter>
    </ClInclude>
    <ClInclude Include="src\collision_detect\AABBTree.h">
      <Filter>include\collision_detect</Filter>
    </ClInclude>
    <ClInclude Include="src\haptic_support\HapticManager.h">
      <Filter>include\haptic_support</Filter>
    </ClInclude>
    <ClInclude Include="src\haptic_support\HapticTool.h">
      <Filter>include\haptic_support</Filter>
    </ClInclude>
    <ClInclude Include="src\haptic_support\CzMatrix.h">
      <Filter>include\haptic_support</Filter>
    </ClInclude>
    <ClInclude Include="src\haptic_support\GlobalMethod.h">
      <Filter>include\haptic_support</Filter>
    </ClInclude>
    <ClInclude Include="src\haptic_support\Array.hh">
      <Filter>include\haptic_support</Filter>
    </ClInclude>
    <ClInclude Include="src\haptic_support\QuadProg++.hh">
      <Filter>include\haptic_support</Filter>
    </ClInclude>
    <ClInclude Include="src\basic_shape\line.h">
      <Filter>include\basic_shape</Filter>
    </ClInclude>
    <ClInclude Include="src\collision_detect\OBBBox.h">
      <Filter>include\collision_detect</Filter>
    </ClInclude>
    <ClInclude Include="src\particle_system\particles.h">
      <Filter>include\particle_system</Filter>
    </ClInclude>
    <ClInclude Include="src\particle_system\ODE.h">
      <Filter>include\particle_system</Filter>
    </ClInclude>
    <ClInclude Include="src\AO\SSAO.h">
      <Filter>include\SSAO</Filter>
    </ClInclude>
    <ClInclude Include="src\mass_spring\MassParticle.h">
      <Filter>include\mass_spring</Filter>
    </ClInclude>
    <ClInclude Include="src\mass_spring\SpringLink.h">
      <Filter>include\mass_spring</Filter>
    </ClInclude>
    <ClInclude Include="src\mass_spring\DynamicWorld.h">
      <Filter>include\mass_spring</Filter>
    </ClInclude>
    <ClInclude Include="src\mass_spring\DynamicMesh.h">
      <Filter>include\mass_spring</Filter>
    </ClInclude>
    <ClInclude Include="src\haptic_support\Thread.h">
      <Filter>include\haptic_support</Filter>
    </ClInclude>
  </ItemGroup>
  <ItemGroup>
    <None Include="src\shaders\StandardShader.fs">
      <Filter>shaders</Filter>
    </None>
    <None Include="src\shaders\StandardShader.vs">
      <Filter>shaders</Filter>
    </None>
    <None Include="src\shaders\geometry.gs">
      <Filter>shaders</Filter>
    </None>
    <None Include="src\shaders\furryEffectShader\furry.fs">
      <Filter>shaders\furryShader</Filter>
    </None>
    <None Include="src\shaders\furryEffectShader\furry.gs">
      <Filter>shaders\furryShader</Filter>
    </None>
    <None Include="src\shaders\furryEffectShader\furry.vs">
      <Filter>shaders\furryShader</Filter>
    </None>
    <None Include="src\shaders\instanceShader\instance.fs">
      <Filter>shaders\instanceShader</Filter>
    </None>
    <None Include="src\shaders\instanceShader\instance.vs">
      <Filter>shaders\instanceShader</Filter>
    </None>
    <None Include="src\shaders\basicShapeShader.fs">
      <Filter>shaders</Filter>
    </None>
    <None Include="src\shaders\basicShapeShader.vs">
      <Filter>shaders</Filter>
    </None>
    <None Include="src\shaders\postProcess\postProcessShader.fs">
      <Filter>shaders\postProcess</Filter>
    </None>
    <None Include="src\shaders\postProcess\postProcessShader.vs">
      <Filter>shaders\postProcess</Filter>
    </None>
    <None Include="src\shaders\skyboxShader\skyBox.fs">
      <Filter>shaders\skyboxShader</Filter>
    </None>
    <None Include="src\shaders\skyboxShader\skyBox.vs">
      <Filter>shaders\skyboxShader</Filter>
    </None>
    <None Include="src\shaders\shadowMap\simpleDepthShader.fs">
      <Filter>shaders\shadowMap</Filter>
    </None>
    <None Include="src\shaders\shadowMap\simpleDepthShader.vs">
      <Filter>shaders\shadowMap</Filter>
    </None>
    <None Include="src\shaders\postProcess\renderShadowMap.fs">
      <Filter>shaders\postProcess</Filter>
    </None>
    <None Include="src\shaders\debugShader\debugShader.fs">
      <Filter>shaders\debugShader</Filter>
    </None>
    <None Include="src\shaders\debugShader\debugShader.vs">
      <Filter>shaders\debugShader</Filter>
    </None>
    <None Include="src\shaders\ParallaxMap\parallax.fs">
      <Filter>include\parallax_map</Filter>
    </None>
    <None Include="src\shaders\ParallaxMap\parallax.vs">
      <Filter>include\parallax_map</Filter>
    </None>
    <None Include="src\shaders\deferredRendering\gBuffer.fs">
      <Filter>shaders\deferredRendering</Filter>
    </None>
    <None Include="src\shaders\deferredRendering\gBuffer.vs">
      <Filter>shaders\deferredRendering</Filter>
    </None>
    <None Include="src\shaders\deferredRendering\deferred.fs">
      <Filter>shaders\deferredRendering</Filter>
    </None>
    <None Include="src\shaders\particleShader\particle.vs">
      <Filter>shaders\particleShader</Filter>
    </None>
    <None Include="src\shaders\particleShader\particle.fs">
      <Filter>shaders\particleShader</Filter>
    </None>
    <None Include="src\shaders\postProcess\ssao.fs">
      <Filter>shaders\postProcess</Filter>
    </None>
    <None Include="src\shaders\deformShader\deform.fs">
      <Filter>shaders\deformShader</Filter>
    </None>
    <None Include="src\shaders\deformShader\deform.vs">
      <Filter>shaders\deformShader</Filter>
    </None>
  </ItemGroup>
</Project>